// !$*UTF8*$!
{
	archiveVersion = 1;
	classes = {
	};
	objectVersion = 46;
	objects = {

/* Begin PBXBuildFile section */
		94FC473A1F1E46A0007F8C78 /* AppDelegate.swift in Sources */ = {isa = PBXBuildFile; fileRef = 94FC47391F1E46A0007F8C78 /* AppDelegate.swift */; };
		94FC473C1F1E46A0007F8C78 /* ViewController.swift in Sources */ = {isa = PBXBuildFile; fileRef = 94FC473B1F1E46A0007F8C78 /* ViewController.swift */; };
		94FC473F1F1E46A0007F8C78 /* Main.storyboard in Resources */ = {isa = PBXBuildFile; fileRef = 94FC473D1F1E46A0007F8C78 /* Main.storyboard */; };
		94FC47411F1E46A0007F8C78 /* Assets.xcassets in Resources */ = {isa = PBXBuildFile; fileRef = 94FC47401F1E46A0007F8C78 /* Assets.xcassets */; };
		94FC47441F1E46A0007F8C78 /* LaunchScreen.storyboard in Resources */ = {isa = PBXBuildFile; fileRef = 94FC47421F1E46A0007F8C78 /* LaunchScreen.storyboard */; };
		94FC474F1F1E46A0007F8C78 /* FlashcardsTests.swift in Sources */ = {isa = PBXBuildFile; fileRef = 94FC474E1F1E46A0007F8C78 /* FlashcardsTests.swift */; };
		94FC475A1F1E46A0007F8C78 /* FlashcardsUITests.swift in Sources */ = {isa = PBXBuildFile; fileRef = 94FC47591F1E46A0007F8C78 /* FlashcardsUITests.swift */; };
/* End PBXBuildFile section */

/* Begin PBXContainerItemProxy section */
		94FC474B1F1E46A0007F8C78 /* PBXContainerItemProxy */ = {
			isa = PBXContainerItemProxy;
			containerPortal = 94FC472E1F1E46A0007F8C78 /* Project object */;
			proxyType = 1;
			remoteGlobalIDString = 94FC47351F1E46A0007F8C78;
			remoteInfo = Flashcards;
		};
		94FC47561F1E46A0007F8C78 /* PBXContainerItemProxy */ = {
			isa = PBXContainerItemProxy;
			containerPortal = 94FC472E1F1E46A0007F8C78 /* Project object */;
			proxyType = 1;
			remoteGlobalIDString = 94FC47351F1E46A0007F8C78;
			remoteInfo = Flashcards;
		};
/* End PBXContainerItemProxy section */

/* Begin PBXFileReference section */
		94FC47361F1E46A0007F8C78 /* Flashcards.app */ = {isa = PBXFileReference; explicitFileType = wrapper.application; includeInIndex = 0; path = Flashcards.app; sourceTree = BUILT_PRODUCTS_DIR; };
		94FC47391F1E46A0007F8C78 /* AppDelegate.swift */ = {isa = PBXFileReference; lastKnownFileType = sourcecode.swift; path = AppDelegate.swift; sourceTree = "<group>"; };
		94FC473B1F1E46A0007F8C78 /* ViewController.swift */ = {isa = PBXFileReference; lastKnownFileType = sourcecode.swift; path = ViewController.swift; sourceTree = "<group>"; };
		94FC473E1F1E46A0007F8C78 /* Base */ = {isa = PBXFileReference; lastKnownFileType = file.storyboard; name = Base; path = Base.lproj/Main.storyboard; sourceTree = "<group>"; };
		94FC47401F1E46A0007F8C78 /* Assets.xcassets */ = {isa = PBXFileReference; lastKnownFileType = folder.assetcatalog; path = Assets.xcassets; sourceTree = "<group>"; };
		94FC47431F1E46A0007F8C78 /* Base */ = {isa = PBXFileReference; lastKnownFileType = file.storyboard; name = Base; path = Base.lproj/LaunchScreen.storyboard; sourceTree = "<group>"; };
		94FC47451F1E46A0007F8C78 /* Info.plist */ = {isa = PBXFileReference; lastKnownFileType = text.plist.xml; path = Info.plist; sourceTree = "<group>"; };
		94FC474A1F1E46A0007F8C78 /* FlashcardsTests.xctest */ = {isa = PBXFileReference; explicitFileType = wrapper.cfbundle; includeInIndex = 0; path = FlashcardsTests.xctest; sourceTree = BUILT_PRODUCTS_DIR; };
		94FC474E1F1E46A0007F8C78 /* FlashcardsTests.swift */ = {isa = PBXFileReference; lastKnownFileType = sourcecode.swift; path = FlashcardsTests.swift; sourceTree = "<group>"; };
		94FC47501F1E46A0007F8C78 /* Info.plist */ = {isa = PBXFileReference; lastKnownFileType = text.plist.xml; path = Info.plist; sourceTree = "<group>"; };
		94FC47551F1E46A0007F8C78 /* FlashcardsUITests.xctest */ = {isa = PBXFileReference; explicitFileType = wrapper.cfbundle; includeInIndex = 0; path = FlashcardsUITests.xctest; sourceTree = BUILT_PRODUCTS_DIR; };
		94FC47591F1E46A0007F8C78 /* FlashcardsUITests.swift */ = {isa = PBXFileReference; lastKnownFileType = sourcecode.swift; path = FlashcardsUITests.swift; sourceTree = "<group>"; };
		94FC475B1F1E46A0007F8C78 /* Info.plist */ = {isa = PBXFileReference; lastKnownFileType = text.plist.xml; path = Info.plist; sourceTree = "<group>"; };
/* End PBXFileReference section */

/* Begin PBXFrameworksBuildPhase section */
		94FC47331F1E46A0007F8C78 /* Frameworks */ = {
			isa = PBXFrameworksBuildPhase;
			buildActionMask = 2147483647;
			files = (
			);
			runOnlyForDeploymentPostprocessing = 0;
		};
		94FC47471F1E46A0007F8C78 /* Frameworks */ = {
			isa = PBXFrameworksBuildPhase;
			buildActionMask = 2147483647;
			files = (
			);
			runOnlyForDeploymentPostprocessing = 0;
		};
		94FC47521F1E46A0007F8C78 /* Frameworks */ = {
			isa = PBXFrameworksBuildPhase;
			buildActionMask = 2147483647;
			files = (
			);
			runOnlyForDeploymentPostprocessing = 0;
		};
/* End PBXFrameworksBuildPhase section */

/* Begin PBXGroup section */
		94FC472D1F1E46A0007F8C78 = {
			isa = PBXGroup;
			children = (
				94FC47381F1E46A0007F8C78 /* Flashcards */,
				94FC474D1F1E46A0007F8C78 /* FlashcardsTests */,
				94FC47581F1E46A0007F8C78 /* FlashcardsUITests */,
				94FC47371F1E46A0007F8C78 /* Products */,
			);
			sourceTree = "<group>";
		};
		94FC47371F1E46A0007F8C78 /* Products */ = {
			isa = PBXGroup;
			children = (
				94FC47361F1E46A0007F8C78 /* Flashcards.app */,
				94FC474A1F1E46A0007F8C78 /* FlashcardsTests.xctest */,
				94FC47551F1E46A0007F8C78 /* FlashcardsUITests.xctest */,
			);
			name = Products;
			sourceTree = "<group>";
		};
		94FC47381F1E46A0007F8C78 /* Flashcards */ = {
			isa = PBXGroup;
			children = (
				94FC47391F1E46A0007F8C78 /* AppDelegate.swift */,
				94FC473B1F1E46A0007F8C78 /* ViewController.swift */,
				94FC473D1F1E46A0007F8C78 /* Main.storyboard */,
				94FC47401F1E46A0007F8C78 /* Assets.xcassets */,
				94FC47421F1E46A0007F8C78 /* LaunchScreen.storyboard */,
				94FC47451F1E46A0007F8C78 /* Info.plist */,
			);
			path = Flashcards;
			sourceTree = "<group>";
		};
		94FC474D1F1E46A0007F8C78 /* FlashcardsTests */ = {
			isa = PBXGroup;
			children = (
				94FC474E1F1E46A0007F8C78 /* FlashcardsTests.swift */,
				94FC47501F1E46A0007F8C78 /* Info.plist */,
			);
			path = FlashcardsTests;
			sourceTree = "<group>";
		};
		94FC47581F1E46A0007F8C78 /* FlashcardsUITests */ = {
			isa = PBXGroup;
			children = (
				94FC47591F1E46A0007F8C78 /* FlashcardsUITests.swift */,
				94FC475B1F1E46A0007F8C78 /* Info.plist */,
			);
			path = FlashcardsUITests;
			sourceTree = "<group>";
		};
/* End PBXGroup section */

/* Begin PBXNativeTarget section */
		94FC47351F1E46A0007F8C78 /* Flashcards */ = {
			isa = PBXNativeTarget;
			buildConfigurationList = 94FC475E1F1E46A0007F8C78 /* Build configuration list for PBXNativeTarget "Flashcards" */;
			buildPhases = (
				94FC47321F1E46A0007F8C78 /* Sources */,
				94FC47331F1E46A0007F8C78 /* Frameworks */,
				94FC47341F1E46A0007F8C78 /* Resources */,
			);
			buildRules = (
			);
			dependencies = (
			);
			name = Flashcards;
			productName = Flashcards;
			productReference = 94FC47361F1E46A0007F8C78 /* Flashcards.app */;
			productType = "com.apple.product-type.application";
		};
		94FC47491F1E46A0007F8C78 /* FlashcardsTests */ = {
			isa = PBXNativeTarget;
			buildConfigurationList = 94FC47611F1E46A0007F8C78 /* Build configuration list for PBXNativeTarget "FlashcardsTests" */;
			buildPhases = (
				94FC47461F1E46A0007F8C78 /* Sources */,
				94FC47471F1E46A0007F8C78 /* Frameworks */,
				94FC47481F1E46A0007F8C78 /* Resources */,
			);
			buildRules = (
			);
			dependencies = (
				94FC474C1F1E46A0007F8C78 /* PBXTargetDependency */,
			);
			name = FlashcardsTests;
			productName = FlashcardsTests;
			productReference = 94FC474A1F1E46A0007F8C78 /* FlashcardsTests.xctest */;
			productType = "com.apple.product-type.bundle.unit-test";
		};
		94FC47541F1E46A0007F8C78 /* FlashcardsUITests */ = {
			isa = PBXNativeTarget;
			buildConfigurationList = 94FC47641F1E46A0007F8C78 /* Build configuration list for PBXNativeTarget "FlashcardsUITests" */;
			buildPhases = (
				94FC47511F1E46A0007F8C78 /* Sources */,
				94FC47521F1E46A0007F8C78 /* Frameworks */,
				94FC47531F1E46A0007F8C78 /* Resources */,
			);
			buildRules = (
			);
			dependencies = (
				94FC47571F1E46A0007F8C78 /* PBXTargetDependency */,
			);
			name = FlashcardsUITests;
			productName = FlashcardsUITests;
			productReference = 94FC47551F1E46A0007F8C78 /* FlashcardsUITests.xctest */;
			productType = "com.apple.product-type.bundle.ui-testing";
		};
/* End PBXNativeTarget section */

/* Begin PBXProject section */
		94FC472E1F1E46A0007F8C78 /* Project object */ = {
			isa = PBXProject;
			attributes = {
				LastSwiftUpdateCheck = 0830;
				LastUpgradeCheck = 0830;
				ORGANIZATIONNAME = "iD Student";
				TargetAttributes = {
					94FC47351F1E46A0007F8C78 = {
						CreatedOnToolsVersion = 8.3.1;
						ProvisioningStyle = Automatic;
					};
					94FC47491F1E46A0007F8C78 = {
						CreatedOnToolsVersion = 8.3.1;
						ProvisioningStyle = Automatic;
						TestTargetID = 94FC47351F1E46A0007F8C78;
					};
					94FC47541F1E46A0007F8C78 = {
						CreatedOnToolsVersion = 8.3.1;
						ProvisioningStyle = Automatic;
						TestTargetID = 94FC47351F1E46A0007F8C78;
					};
				};
			};
			buildConfigurationList = 94FC47311F1E46A0007F8C78 /* Build configuration list for PBXProject "Flashcards" */;
			compatibilityVersion = "Xcode 3.2";
			developmentRegion = English;
			hasScannedForEncodings = 0;
			knownRegions = (
				en,
				Base,
			);
			mainGroup = 94FC472D1F1E46A0007F8C78;
			productRefGroup = 94FC47371F1E46A0007F8C78 /* Products */;
			projectDirPath = "";
			projectRoot = "";
			targets = (
				94FC47351F1E46A0007F8C78 /* Flashcards */,
				94FC47491F1E46A0007F8C78 /* FlashcardsTests */,
				94FC47541F1E46A0007F8C78 /* FlashcardsUITests */,
			);
		};
/* End PBXProject section */

/* Begin PBXResourcesBuildPhase section */
		94FC47341F1E46A0007F8C78 /* Resources */ = {
			isa = PBXResourcesBuildPhase;
			buildActionMask = 2147483647;
			files = (
				94FC47441F1E46A0007F8C78 /* LaunchScreen.storyboard in Resources */,
				94FC47411F1E46A0007F8C78 /* Assets.xcassets in Resources */,
				94FC473F1F1E46A0007F8C78 /* Main.storyboard in Resources */,
			);
			runOnlyForDeploymentPostprocessing = 0;
		};
		94FC47481F1E46A0007F8C78 /* Resources */ = {
			isa = PBXResourcesBuildPhase;
			buildActionMask = 2147483647;
			files = (
			);
			runOnlyForDeploymentPostprocessing = 0;
		};
		94FC47531F1E46A0007F8C78 /* Resources */ = {
			isa = PBXResourcesBuildPhase;
			buildActionMask = 2147483647;
			files = (
			);
			runOnlyForDeploymentPostprocessing = 0;
		};
/* End PBXResourcesBuildPhase section */

/* Begin PBXSourcesBuildPhase section */
		94FC47321F1E46A0007F8C78 /* Sources */ = {
			isa = PBXSourcesBuildPhase;
			buildActionMask = 2147483647;
			files = (
				94FC473C1F1E46A0007F8C78 /* ViewController.swift in Sources */,
				94FC473A1F1E46A0007F8C78 /* AppDelegate.swift in Sources */,
			);
			runOnlyForDeploymentPostprocessing = 0;
		};
		94FC47461F1E46A0007F8C78 /* Sources */ = {
			isa = PBXSourcesBuildPhase;
			buildActionMask = 2147483647;
			files = (
				94FC474F1F1E46A0007F8C78 /* FlashcardsTests.swift in Sources */,
			);
			runOnlyForDeploymentPostprocessing = 0;
		};
		94FC47511F1E46A0007F8C78 /* Sources */ = {
			isa = PBXSourcesBuildPhase;
			buildActionMask = 2147483647;
			files = (
				94FC475A1F1E46A0007F8C78 /* FlashcardsUITests.swift in Sources */,
			);
			runOnlyForDeploymentPostprocessing = 0;
		};
/* End PBXSourcesBuildPhase section */

/* Begin PBXTargetDependency section */
		94FC474C1F1E46A0007F8C78 /* PBXTargetDependency */ = {
			isa = PBXTargetDependency;
			target = 94FC47351F1E46A0007F8C78 /* Flashcards */;
			targetProxy = 94FC474B1F1E46A0007F8C78 /* PBXContainerItemProxy */;
		};
		94FC47571F1E46A0007F8C78 /* PBXTargetDependency */ = {
			isa = PBXTargetDependency;
			target = 94FC47351F1E46A0007F8C78 /* Flashcards */;
			targetProxy = 94FC47561F1E46A0007F8C78 /* PBXContainerItemProxy */;
		};
/* End PBXTargetDependency section */

/* Begin PBXVariantGroup section */
		94FC473D1F1E46A0007F8C78 /* Main.storyboard */ = {
			isa = PBXVariantGroup;
			children = (
				94FC473E1F1E46A0007F8C78 /* Base */,
			);
			name = Main.storyboard;
			sourceTree = "<group>";
		};
		94FC47421F1E46A0007F8C78 /* LaunchScreen.storyboard */ = {
			isa = PBXVariantGroup;
			children = (
				94FC47431F1E46A0007F8C78 /* Base */,
			);
			name = LaunchScreen.storyboard;
			sourceTree = "<group>";
		};
/* End PBXVariantGroup section */

/* Begin XCBuildConfiguration section */
		94FC475C1F1E46A0007F8C78 /* Debug */ = {
			isa = XCBuildConfiguration;
			buildSettings = {
				ALWAYS_SEARCH_USER_PATHS = NO;
				CLANG_ANALYZER_NONNULL = YES;
				CLANG_ANALYZER_NUMBER_OBJECT_CONVERSION = YES_AGGRESSIVE;
				CLANG_CXX_LANGUAGE_STANDARD = "gnu++0x";
				CLANG_CXX_LIBRARY = "libc++";
				CLANG_ENABLE_MODULES = YES;
				CLANG_ENABLE_OBJC_ARC = YES;
				CLANG_WARN_BOOL_CONVERSION = YES;
				CLANG_WARN_CONSTANT_CONVERSION = YES;
				CLANG_WARN_DIRECT_OBJC_ISA_USAGE = YES_ERROR;
				CLANG_WARN_DOCUMENTATION_COMMENTS = YES;
				CLANG_WARN_EMPTY_BODY = YES;
				CLANG_WARN_ENUM_CONVERSION = YES;
				CLANG_WARN_INFINITE_RECURSION = YES;
				CLANG_WARN_INT_CONVERSION = YES;
				CLANG_WARN_OBJC_ROOT_CLASS = YES_ERROR;
				CLANG_WARN_SUSPICIOUS_MOVE = YES;
				CLANG_WARN_UNREACHABLE_CODE = YES;
				CLANG_WARN__DUPLICATE_METHOD_MATCH = YES;
				"CODE_SIGN_IDENTITY[sdk=iphoneos*]" = "iPhone Developer";
				COPY_PHASE_STRIP = NO;
				DEBUG_INFORMATION_FORMAT = dwarf;
				ENABLE_STRICT_OBJC_MSGSEND = YES;
				ENABLE_TESTABILITY = YES;
				GCC_C_LANGUAGE_STANDARD = gnu99;
				GCC_DYNAMIC_NO_PIC = NO;
				GCC_NO_COMMON_BLOCKS = YES;
				GCC_OPTIMIZATION_LEVEL = 0;
				GCC_PREPROCESSOR_DEFINITIONS = (
					"DEBUG=1",
					"$(inherited)",
				);
				GCC_WARN_64_TO_32_BIT_CONVERSION = YES;
				GCC_WARN_ABOUT_RETURN_TYPE = YES_ERROR;
				GCC_WARN_UNDECLARED_SELECTOR = YES;
				GCC_WARN_UNINITIALIZED_AUTOS = YES_AGGRESSIVE;
				GCC_WARN_UNUSED_FUNCTION = YES;
				GCC_WARN_UNUSED_VARIABLE = YES;
				IPHONEOS_DEPLOYMENT_TARGET = 10.3;
				MTL_ENABLE_DEBUG_INFO = YES;
				ONLY_ACTIVE_ARCH = YES;
				SDKROOT = iphoneos;
				SWIFT_ACTIVE_COMPILATION_CONDITIONS = DEBUG;
				SWIFT_OPTIMIZATION_LEVEL = "-Onone";
				TARGETED_DEVICE_FAMILY = "1,2";
			};
			name = Debug;
		};
		94FC475D1F1E46A0007F8C78 /* Release */ = {
			isa = XCBuildConfiguration;
			buildSettings = {
				ALWAYS_SEARCH_USER_PATHS = NO;
				CLANG_ANALYZER_NONNULL = YES;
				CLANG_ANALYZER_NUMBER_OBJECT_CONVERSION = YES_AGGRESSIVE;
				CLANG_CXX_LANGUAGE_STANDARD = "gnu++0x";
				CLANG_CXX_LIBRARY = "libc++";
				CLANG_ENABLE_MODULES = YES;
				CLANG_ENABLE_OBJC_ARC = YES;
				CLANG_WARN_BOOL_CONVERSION = YES;
				CLANG_WARN_CONSTANT_CONVERSION = YES;
				CLANG_WARN_DIRECT_OBJC_ISA_USAGE = YES_ERROR;
				CLANG_WARN_DOCUMENTATION_COMMENTS = YES;
				CLANG_WARN_EMPTY_BODY = YES;
				CLANG_WARN_ENUM_CONVERSION = YES;
				CLANG_WARN_INFINITE_RECURSION = YES;
				CLANG_WARN_INT_CONVERSION = YES;
				CLANG_WARN_OBJC_ROOT_CLASS = YES_ERROR;
				CLANG_WARN_SUSPICIOUS_MOVE = YES;
				CLANG_WARN_UNREACHABLE_CODE = YES;
				CLANG_WARN__DUPLICATE_METHOD_MATCH = YES;
				"CODE_SIGN_IDENTITY[sdk=iphoneos*]" = "iPhone Developer";
				COPY_PHASE_STRIP = NO;
				DEBUG_INFORMATION_FORMAT = "dwarf-with-dsym";
				ENABLE_NS_ASSERTIONS = NO;
				ENABLE_STRICT_OBJC_MSGSEND = YES;
				GCC_C_LANGUAGE_STANDARD = gnu99;
				GCC_NO_COMMON_BLOCKS = YES;
				GCC_WARN_64_TO_32_BIT_CONVERSION = YES;
				GCC_WARN_ABOUT_RETURN_TYPE = YES_ERROR;
				GCC_WARN_UNDECLARED_SELECTOR = YES;
				GCC_WARN_UNINITIALIZED_AUTOS = YES_AGGRESSIVE;
				GCC_WARN_UNUSED_FUNCTION = YES;
				GCC_WARN_UNUSED_VARIABLE = YES;
				IPHONEOS_DEPLOYMENT_TARGET = 10.3;
				MTL_ENABLE_DEBUG_INFO = NO;
				SDKROOT = iphoneos;
				SWIFT_OPTIMIZATION_LEVEL = "-Owholemodule";
				TARGETED_DEVICE_FAMILY = "1,2";
				VALIDATE_PRODUCT = YES;
			};
			name = Release;
		};
		94FC475F1F1E46A0007F8C78 /* Debug */ = {
			isa = XCBuildConfiguration;
			buildSettings = {
				ASSETCATALOG_COMPILER_APPICON_NAME = AppIcon;
				INFOPLIST_FILE = Flashcards/Info.plist;
				LD_RUNPATH_SEARCH_PATHS = "$(inherited) @executable_path/Frameworks";
				PRODUCT_BUNDLE_IDENTIFIER = dfefg.Flashcards;
				PRODUCT_NAME = "$(TARGET_NAME)";
				SWIFT_VERSION = 3.0;
			};
			name = Debug;
		};
		94FC47601F1E46A0007F8C78 /* Release */ = {
			isa = XCBuildConfiguration;
			buildSettings = {
				ASSETCATALOG_COMPILER_APPICON_NAME = AppIcon;
				INFOPLIST_FILE = Flashcards/Info.plist;
				LD_RUNPATH_SEARCH_PATHS = "$(inherited) @executable_path/Frameworks";
				PRODUCT_BUNDLE_IDENTIFIER = dfefg.Flashcards;
				PRODUCT_NAME = "$(TARGET_NAME)";
				SWIFT_VERSION = 3.0;
			};
			name = Release;
		};
		94FC47621F1E46A0007F8C78 /* Debug */ = {
			isa = XCBuildConfiguration;
			buildSettings = {
				ALWAYS_EMBED_SWIFT_STANDARD_LIBRARIES = YES;
				BUNDLE_LOADER = "$(TEST_HOST)";
				INFOPLIST_FILE = FlashcardsTests/Info.plist;
				LD_RUNPATH_SEARCH_PATHS = "$(inherited) @executable_path/Frameworks @loader_path/Frameworks";
				PRODUCT_BUNDLE_IDENTIFIER = dfefg.FlashcardsTests;
				PRODUCT_NAME = "$(TARGET_NAME)";
				SWIFT_VERSION = 3.0;
				TEST_HOST = "$(BUILT_PRODUCTS_DIR)/Flashcards.app/Flashcards";
			};
			name = Debug;
		};
		94FC47631F1E46A0007F8C78 /* Release */ = {
			isa = XCBuildConfiguration;
			buildSettings = {
				ALWAYS_EMBED_SWIFT_STANDARD_LIBRARIES = YES;
				BUNDLE_LOADER = "$(TEST_HOST)";
				INFOPLIST_FILE = FlashcardsTests/Info.plist;
				LD_RUNPATH_SEARCH_PATHS = "$(inherited) @executable_path/Frameworks @loader_path/Frameworks";
				PRODUCT_BUNDLE_IDENTIFIER = dfefg.FlashcardsTests;
				PRODUCT_NAME = "$(TARGET_NAME)";
				SWIFT_VERSION = 3.0;
				TEST_HOST = "$(BUILT_PRODUCTS_DIR)/Flashcards.app/Flashcards";
			};
			name = Release;
		};
		94FC47651F1E46A0007F8C78 /* Debug */ = {
			isa = XCBuildConfiguration;
			buildSettings = {
				ALWAYS_EMBED_SWIFT_STANDARD_LIBRARIES = YES;
				INFOPLIST_FILE = FlashcardsUITests/Info.plist;
				LD_RUNPATH_SEARCH_PATHS = "$(inherited) @executable_path/Frameworks @loader_path/Frameworks";
				PRODUCT_BUNDLE_IDENTIFIER = dfefg.FlashcardsUITests;
				PRODUCT_NAME = "$(TARGET_NAME)";
				SWIFT_VERSION = 3.0;
				TEST_TARGET_NAME = Flashcards;
			};
			name = Debug;
		};
		94FC47661F1E46A0007F8C78 /* Release */ = {
			isa = XCBuildConfiguration;
			buildSettings = {
				ALWAYS_EMBED_SWIFT_STANDARD_LIBRARIES = YES;
				INFOPLIST_FILE = FlashcardsUITests/Info.plist;
				LD_RUNPATH_SEARCH_PATHS = "$(inherited) @executable_path/Frameworks @loader_path/Frameworks";
				PRODUCT_BUNDLE_IDENTIFIER = dfefg.FlashcardsUITests;
				PRODUCT_NAME = "$(TARGET_NAME)";
				SWIFT_VERSION = 3.0;
				TEST_TARGET_NAME = Flashcards;
			};
			name = Release;
		};
/* End XCBuildConfiguration section */

/* Begin XCConfigurationList section */
		94FC47311F1E46A0007F8C78 /* Build configuration list for PBXProject "Flashcards" */ = {
			isa = XCConfigurationList;
			buildConfigurations = (
				94FC475C1F1E46A0007F8C78 /* Debug */,
				94FC475D1F1E46A0007F8C78 /* Release */,
			);
			defaultConfigurationIsVisible = 0;
			defaultConfigurationName = Release;
		};
		94FC475E1F1E46A0007F8C78 /* Build configuration list for PBXNativeTarget "Flashcards" */ = {
			isa = XCConfigurationList;
			buildConfigurations = (
				94FC475F1F1E46A0007F8C78 /* Debug */,
				94FC47601F1E46A0007F8C78 /* Release */,
			);
			defaultConfigurationIsVisible = 0;
		};
		94FC47611F1E46A0007F8C78 /* Build configuration list for PBXNativeTarget "FlashcardsTests" */ = {
			isa = XCConfigurationList;
			buildConfigurations = (
				94FC47621F1E46A0007F8C78 /* Debug */,
				94FC47631F1E46A0007F8C78 /* Release */,
			);
			defaultConfigurationIsVisible = 0;
		};
		94FC47641F1E46A0007F8C78 /* Build configuration list for PBXNativeTarget "FlashcardsUITests" */ = {
			isa = XCConfigurationList;
			buildConfigurations = (
				94FC47651F1E46A0007F8C78 /* Debug */,
				94FC47661F1E46A0007F8C78 /* Release */,
			);
			defaultConfigurationIsVisible = 0;
		};
/* End XCConfigurationList section */
	};
	rootObject = 94FC472E1F1E46A0007F8C78 /* Project object */;
}
